
Microsoft Visual Studio Solution File, Format Version 12.00
# Visual Studio Version 16
VisualStudioVersion = 16.0.30621.155
MinimumVisualStudioVersion = 10.0.40219.1
Project("{FAE04EC0-301F-11D3-BF4B-00C04F79EFBC}") = "Uppgift 1", "Uppgift 1\Uppgift 1.csproj", "{21424B7C-E404-483E-BD94-0E3B58984BB9}"
EndProject
Project("{FAE04EC0-301F-11D3-BF4B-00C04F79EFBC}") = "Uppgift2", "Uppgift 2\Uppgift2.csproj", "{43E70681-5C58-4E9C-AB57-6E07AF8ABB24}"
EndProject
Project("{FAE04EC0-301F-11D3-BF4B-00C04F79EFBC}") = "Uppgift3", "uppgift3\Uppgift3.csproj", "{8C52A24D-EF53-4E32-A8B9-E0E7C1CC01FB}"
EndProject
Global
	GlobalSection(SolutionConfigurationPlatforms) = preSolution
		Debug|Any CPU = Debug|Any CPU
		Release|Any CPU = Release|Any CPU
	EndGlobalSection
	GlobalSection(ProjectConfigurationPlatforms) = postSolution
		{21424B7C-E404-483E-BD94-0E3B58984BB9}.Debug|Any CPU.ActiveCfg = Debug|Any CPU
		{21424B7C-E404-483E-BD94-0E3B58984BB9}.Debug|Any CPU.Build.0 = Debug|Any CPU
		{21424B7C-E404-483E-BD94-0E3B58984BB9}.Release|Any CPU.ActiveCfg = Release|Any CPU
		{21424B7C-E404-483E-BD94-0E3B58984BB9}.Release|Any CPU.Build.0 = Release|Any CPU
		{43E70681-5C58-4E9C-AB57-6E07AF8ABB24}.Debug|Any CPU.ActiveCfg = Debug|Any CPU
		{43E70681-5C58-4E9C-AB57-6E07AF8ABB24}.Debug|Any CPU.Build.0 = Debug|Any CPU
		{43E70681-5C58-4E9C-AB57-6E07AF8ABB24}.Release|Any CPU.ActiveCfg = Release|Any CPU
		{43E70681-5C58-4E9C-AB57-6E07AF8ABB24}.Release|Any CPU.Build.0 = Release|Any CPU
		{8C52A24D-EF53-4E32-A8B9-E0E7C1CC01FB}.Debug|Any CPU.ActiveCfg = Debug|Any CPU
		{8C52A24D-EF53-4E32-A8B9-E0E7C1CC01FB}.Debug|Any CPU.Build.0 = Debug|Any CPU
		{8C52A24D-EF53-4E32-A8B9-E0E7C1CC01FB}.Release|Any CPU.ActiveCfg = Release|Any CPU
		{8C52A24D-EF53-4E32-A8B9-E0E7C1CC01FB}.Release|Any CPU.Build.0 = Release|Any CPU
	EndGlobalSection
	GlobalSection(SolutionProperties) = preSolution
		HideSolutionNode = FALSE
	EndGlobalSection
	GlobalSection(ExtensibilityGlobals) = postSolution
		SolutionGuid = {D3C3244E-06E2-4CFB-9B90-BBA833303737}
	EndGlobalSection
EndGlobal
